
Microsoft Visual Studio Solution File, Format Version 12.00
# Visual Studio Version 17
VisualStudioVersion = 17.9.34728.123
MinimumVisualStudioVersion = 10.0.40219.1
Project("{FAE04EC0-301F-11D3-BF4B-00C04F79EFBC}") = "proy_caguamanta", "proy_caguamanta.csproj", "{EB344BE2-99CD-4EEC-83F6-B78ABA272B5A}"
EndProject
Global
	GlobalSection(SolutionConfigurationPlatforms) = preSolution
		Debug|Any CPU = Debug|Any CPU
		Release|Any CPU = Release|Any CPU
	EndGlobalSection
	GlobalSection(ProjectConfigurationPlatforms) = postSolution
		{EB344BE2-99CD-4EEC-83F6-B78ABA272B5A}.Debug|Any CPU.ActiveCfg = Debug|Any CPU
		{EB344BE2-99CD-4EEC-83F6-B78ABA272B5A}.Debug|Any CPU.Build.0 = Debug|Any CPU
		{EB344BE2-99CD-4EEC-83F6-B78ABA272B5A}.Release|Any CPU.ActiveCfg = Release|Any CPU
		{EB344BE2-99CD-4EEC-83F6-B78ABA272B5A}.Release|Any CPU.Build.0 = Release|Any CPU
	EndGlobalSection
	GlobalSection(SolutionProperties) = preSolution
		HideSolutionNode = FALSE
	EndGlobalSection
	GlobalSection(ExtensibilityGlobals) = postSolution
		SolutionGuid = {4D3773CF-D679-45AD-8356-9774C81EB1A5}
	EndGlobalSection
EndGlobal
